
Microsoft Visual Studio Solution File, Format Version 12.00
# Visual Studio Version 17
VisualStudioVersion = 17.9.34728.123
MinimumVisualStudioVersion = 10.0.40219.1
Project("{FAE04EC0-301F-11D3-BF4B-00C04F79EFBC}") = "Scaffold3", "Scaffold3\Scaffold3.csproj", "{4D0A36E1-FC0B-44BC-8708-A671D28B4265}"
EndProject
Global
	GlobalSection(SolutionConfigurationPlatforms) = preSolution
		Debug|Any CPU = Debug|Any CPU
		Release|Any CPU = Release|Any CPU
	EndGlobalSection
	GlobalSection(ProjectConfigurationPlatforms) = postSolution
		{4D0A36E1-FC0B-44BC-8708-A671D28B4265}.Debug|Any CPU.ActiveCfg = Debug|Any CPU
		{4D0A36E1-FC0B-44BC-8708-A671D28B4265}.Debug|Any CPU.Build.0 = Debug|Any CPU
		{4D0A36E1-FC0B-44BC-8708-A671D28B4265}.Release|Any CPU.ActiveCfg = Release|Any CPU
		{4D0A36E1-FC0B-44BC-8708-A671D28B4265}.Release|Any CPU.Build.0 = Release|Any CPU
	EndGlobalSection
	GlobalSection(SolutionProperties) = preSolution
		HideSolutionNode = FALSE
	EndGlobalSection
	GlobalSection(ExtensibilityGlobals) = postSolution
		SolutionGuid = {94ED960E-F5C1-4C32-AE17-3238D16F2320}
	EndGlobalSection
EndGlobal
